{
  
"name": "electric-projects",
  
"version": "1.0.0",
  
"lockfileVersion": 3,
  
"requires": true,
  
"packages": {
  
  
"": {
  
  
  
"dependencies": {
  
  
  
  
"headless-calendar": "^1.0.0"
  
  
  
}
  
  
},
  
  
"node_modules/headless-calendar": {
  
  
  
"version": "1.0.0",
  
  
  
"resolved": "https://registry.npmjs.org/headless-calendar/-/headless-calendar-1.0.0.tgz",
  
  
  
"integrity": "sha512-WMdlZNI6D/mnmrRFQ43IVUl27xpcGTRsmK/y/3IYEddQEiucGiErAqTcEYVjcJF23N6Lc/7D4V25DhuEJrKLwQ=="
  
  
}
  
}
}
