# THIS IS AN AUTOGENERATED FILE. DO NOT EDIT THIS FILE DIRECTLY.
# yarn lockfile v1


headless-calendar@^1.0.0:
  version "1.0.0"
  resolved "https://registry.yarnpkg.com/headless-calendar/-/headless-calendar-1.0.0.tgz#7638f7dd4ad8b585ad38471a78aac91c6c55a1e9"
  integrity sha512-WMdlZNI6D/mnmrRFQ43IVUl27xpcGTRsmK/y/3IYEddQEiucGiErAqTcEYVjcJF23N6Lc/7D4V25DhuEJrKLwQ==
